// !$*UTF8*$!
{
	archiveVersion = 1;
	classes = {
	};
	objectVersion = 55;
	objects = {

/* Begin PBXBuildFile section */
		426BDB53284398FB008E9C5A /* porgct_1App.swift in Sources */ = {isa = PBXBuildFile; fileRef = 426BDB52284398FB008E9C5A /* porgct_1App.swift */; };
		426BDB57284398FD008E9C5A /* Assets.xcassets in Resources */ = {isa = PBXBuildFile; fileRef = 426BDB56284398FD008E9C5A /* Assets.xcassets */; };
		426BDB5A284398FD008E9C5A /* Preview Assets.xcassets in Resources */ = {isa = PBXBuildFile; fileRef = 426BDB59284398FD008E9C5A /* Preview Assets.xcassets */; };
		42A70F012861F3060093FACA /* MyMap.swift in Sources */ = {isa = PBXBuildFile; fileRef = 42A70F002861F3060093FACA /* MyMap.swift */; };
		42A70F032861F7C30093FACA /* new.order.swift in Sources */ = {isa = PBXBuildFile; fileRef = 42A70F022861F7C30093FACA /* new.order.swift */; };
		42A70F05286201960093FACA /* MapFile.swift in Sources */ = {isa = PBXBuildFile; fileRef = 42A70F04286201960093FACA /* MapFile.swift */; };
		42A70F07286202250093FACA /* DateAndTime.swift in Sources */ = {isa = PBXBuildFile; fileRef = 42A70F06286202250093FACA /* DateAndTime.swift */; };
		42A70F092862025E0093FACA /* ImagePicker.swift in Sources */ = {isa = PBXBuildFile; fileRef = 42A70F082862025E0093FACA /* ImagePicker.swift */; };
		8A831867285E4ADE00B8C702 /* profile.driver.swift in Sources */ = {isa = PBXBuildFile; fileRef = 8A831866285E4ADE00B8C702 /* profile.driver.swift */; };
		8A831869285E4D2200B8C702 /* profile.user.swift in Sources */ = {isa = PBXBuildFile; fileRef = 8A831868285E4D2200B8C702 /* profile.user.swift */; };
		8A948D4B2860A0600069997F /* homeuser.swift in Sources */ = {isa = PBXBuildFile; fileRef = 8A948D4A2860A0600069997F /* homeuser.swift */; };
		8A9B1C64285EAA4800024954 /* homedriver.swift in Sources */ = {isa = PBXBuildFile; fileRef = 8A9B1C63285EAA4800024954 /* homedriver.swift */; };
		8A9B1C66285EAD0400024954 /* navigationdriver.swift in Sources */ = {isa = PBXBuildFile; fileRef = 8A9B1C65285EAD0400024954 /* navigationdriver.swift */; };
		8A9B1C68285EB18F00024954 /* NavigationUser.swift in Sources */ = {isa = PBXBuildFile; fileRef = 8A9B1C67285EB18F00024954 /* NavigationUser.swift */; };
		AEB4214D284D137600A942B0 /* offer.swift in Sources */ = {isa = PBXBuildFile; fileRef = AEB4214C284D137600A942B0 /* offer.swift */; };
		AEB4214F284D2E1400A942B0 /* GoogleService-Info.plist in Resources */ = {isa = PBXBuildFile; fileRef = AEB4214E284D2E1400A942B0 /* GoogleService-Info.plist */; };
		AEB42152284D337400A942B0 /* FirebaseAuth in Frameworks */ = {isa = PBXBuildFile; productRef = AEB42151284D337400A942B0 /* FirebaseAuth */; };
		AEB42154284D337400A942B0 /* FirebaseFirestore in Frameworks */ = {isa = PBXBuildFile; productRef = AEB42153284D337400A942B0 /* FirebaseFirestore */; };
		AEB42156284D337400A942B0 /* FirebaseStorage in Frameworks */ = {isa = PBXBuildFile; productRef = AEB42155284D337400A942B0 /* FirebaseStorage */; };
		AEBD7847284794EA00202C25 /* NewRegistration.swift in Sources */ = {isa = PBXBuildFile; fileRef = AEBD7846284794EA00202C25 /* NewRegistration.swift */; };
/* End PBXBuildFile section */

/* Begin PBXFileReference section */
		426BDB4F284398FB008E9C5A /* porgct 1.app */ = {isa = PBXFileReference; explicitFileType = wrapper.application; includeInIndex = 0; path = "porgct 1.app"; sourceTree = BUILT_PRODUCTS_DIR; };
		426BDB52284398FB008E9C5A /* porgct_1App.swift */ = {isa = PBXFileReference; lastKnownFileType = sourcecode.swift; path = porgct_1App.swift; sourceTree = "<group>"; };
		426BDB56284398FD008E9C5A /* Assets.xcassets */ = {isa = PBXFileReference; lastKnownFileType = folder.assetcatalog; path = Assets.xcassets; sourceTree = "<group>"; };
		426BDB59284398FD008E9C5A /* Preview Assets.xcassets */ = {isa = PBXFileReference; lastKnownFileType = folder.assetcatalog; path = "Preview Assets.xcassets"; sourceTree = "<group>"; };
		42A70F002861F3060093FACA /* MyMap.swift */ = {isa = PBXFileReference; lastKnownFileType = sourcecode.swift; path = MyMap.swift; sourceTree = "<group>"; };
		42A70F022861F7C30093FACA /* new.order.swift */ = {isa = PBXFileReference; lastKnownFileType = sourcecode.swift; path = new.order.swift; sourceTree = "<group>"; };
		42A70F04286201960093FACA /* MapFile.swift */ = {isa = PBXFileReference; lastKnownFileType = sourcecode.swift; path = MapFile.swift; sourceTree = "<group>"; };
		42A70F06286202250093FACA /* DateAndTime.swift */ = {isa = PBXFileReference; lastKnownFileType = sourcecode.swift; path = DateAndTime.swift; sourceTree = "<group>"; };
		42A70F082862025E0093FACA /* ImagePicker.swift */ = {isa = PBXFileReference; lastKnownFileType = sourcecode.swift; path = ImagePicker.swift; sourceTree = "<group>"; };
		8A831866285E4ADE00B8C702 /* profile.driver.swift */ = {isa = PBXFileReference; lastKnownFileType = sourcecode.swift; path = profile.driver.swift; sourceTree = "<group>"; };
		8A831868285E4D2200B8C702 /* profile.user.swift */ = {isa = PBXFileReference; lastKnownFileType = sourcecode.swift; path = profile.user.swift; sourceTree = "<group>"; };
		8A948D4A2860A0600069997F /* homeuser.swift */ = {isa = PBXFileReference; lastKnownFileType = sourcecode.swift; path = homeuser.swift; sourceTree = "<group>"; };
		8A9B1C63285EAA4800024954 /* homedriver.swift */ = {isa = PBXFileReference; lastKnownFileType = sourcecode.swift; path = homedriver.swift; sourceTree = "<group>"; };
		8A9B1C65285EAD0400024954 /* navigationdriver.swift */ = {isa = PBXFileReference; lastKnownFileType = sourcecode.swift; path = navigationdriver.swift; sourceTree = "<group>"; };
		8A9B1C67285EB18F00024954 /* NavigationUser.swift */ = {isa = PBXFileReference; lastKnownFileType = sourcecode.swift; path = NavigationUser.swift; sourceTree = "<group>"; };
		AEB4214C284D137600A942B0 /* offer.swift */ = {isa = PBXFileReference; lastKnownFileType = sourcecode.swift; path = offer.swift; sourceTree = "<group>"; };
		AEB4214E284D2E1400A942B0 /* GoogleService-Info.plist */ = {isa = PBXFileReference; fileEncoding = 4; lastKnownFileType = text.plist.xml; path = "GoogleService-Info.plist"; sourceTree = "<group>"; };
		AEBD7846284794EA00202C25 /* NewRegistration.swift */ = {isa = PBXFileReference; lastKnownFileType = sourcecode.swift; path = NewRegistration.swift; sourceTree = "<group>"; };
/* End PBXFileReference section */

/* Begin PBXFrameworksBuildPhase section */
		426BDB4C284398FB008E9C5A /* Frameworks */ = {
			isa = PBXFrameworksBuildPhase;
			buildActionMask = 2147483647;
			files = (
				AEB42152284D337400A942B0 /* FirebaseAuth in Frameworks */,
				AEB42154284D337400A942B0 /* FirebaseFirestore in Frameworks */,
				AEB42156284D337400A942B0 /* FirebaseStorage in Frameworks */,
			);
			runOnlyForDeploymentPostprocessing = 0;
		};
/* End PBXFrameworksBuildPhase section */

/* Begin PBXGroup section */
		426BDB46284398FB008E9C5A = {
			isa = PBXGroup;
			children = (
				426BDB51284398FB008E9C5A /* porgct 1 */,
				426BDB50284398FB008E9C5A /* Products */,
			);
			sourceTree = "<group>";
		};
		426BDB50284398FB008E9C5A /* Products */ = {
			isa = PBXGroup;
			children = (
				426BDB4F284398FB008E9C5A /* porgct 1.app */,
			);
			name = Products;
			sourceTree = "<group>";
		};
		426BDB51284398FB008E9C5A /* porgct 1 */ = {
			isa = PBXGroup;
			children = (
				426BDB52284398FB008E9C5A /* porgct_1App.swift */,
				AEBD7846284794EA00202C25 /* NewRegistration.swift */,
				AEB4214C284D137600A942B0 /* offer.swift */,
				42A70F022861F7C30093FACA /* new.order.swift */,
				42A70F002861F3060093FACA /* MyMap.swift */,
				42A70F04286201960093FACA /* MapFile.swift */,
				42A70F06286202250093FACA /* DateAndTime.swift */,
				42A70F082862025E0093FACA /* ImagePicker.swift */,
				8A831866285E4ADE00B8C702 /* profile.driver.swift */,
				8A831868285E4D2200B8C702 /* profile.user.swift */,
				8A9B1C63285EAA4800024954 /* homedriver.swift */,
				8A9B1C65285EAD0400024954 /* navigationdriver.swift */,
				8A9B1C67285EB18F00024954 /* NavigationUser.swift */,
				8A948D4A2860A0600069997F /* homeuser.swift */,
				426BDB56284398FD008E9C5A /* Assets.xcassets */,
				426BDB58284398FD008E9C5A /* Preview Content */,
			);
			path = "porgct 1";
			sourceTree = "<group>";
		};
		426BDB58284398FD008E9C5A /* Preview Content */ = {
			isa = PBXGroup;
			children = (
				426BDB59284398FD008E9C5A /* Preview Assets.xcassets */,
				AEB4214E284D2E1400A942B0 /* GoogleService-Info.plist */,
			);
			path = "Preview Content";
			sourceTree = "<group>";
		};
/* End PBXGroup section */

/* Begin PBXNativeTarget section */
		426BDB4E284398FB008E9C5A /* porgct 1 */ = {
			isa = PBXNativeTarget;
			buildConfigurationList = 426BDB5D284398FD008E9C5A /* Build configuration list for PBXNativeTarget "porgct 1" */;
			buildPhases = (
				426BDB4B284398FB008E9C5A /* Sources */,
				426BDB4C284398FB008E9C5A /* Frameworks */,
				426BDB4D284398FB008E9C5A /* Resources */,
			);
			buildRules = (
			);
			dependencies = (
			);
			name = "porgct 1";
			packageProductDependencies = (
				AEB42151284D337400A942B0 /* FirebaseAuth */,
				AEB42153284D337400A942B0 /* FirebaseFirestore */,
				AEB42155284D337400A942B0 /* FirebaseStorage */,
			);
			productName = "porgct 1";
			productReference = 426BDB4F284398FB008E9C5A /* porgct 1.app */;
			productType = "com.apple.product-type.application";
		};
/* End PBXNativeTarget section */

/* Begin PBXProject section */
		426BDB47284398FB008E9C5A /* Project object */ = {
			isa = PBXProject;
			attributes = {
				BuildIndependentTargetsInParallel = 1;
				LastSwiftUpdateCheck = 1340;
				LastUpgradeCheck = 1340;
				TargetAttributes = {
					426BDB4E284398FB008E9C5A = {
						CreatedOnToolsVersion = 13.4;
					};
				};
			};
			buildConfigurationList = 426BDB4A284398FB008E9C5A /* Build configuration list for PBXProject "porgct 1" */;
			compatibilityVersion = "Xcode 13.0";
			developmentRegion = en;
			hasScannedForEncodings = 0;
			knownRegions = (
				en,
				Base,
			);
			mainGroup = 426BDB46284398FB008E9C5A;
			packageReferences = (
				AEB42150284D337400A942B0 /* XCRemoteSwiftPackageReference "firebase-ios-sdk" */,
			);
			productRefGroup = 426BDB50284398FB008E9C5A /* Products */;
			projectDirPath = "";
			projectRoot = "";
			targets = (
				426BDB4E284398FB008E9C5A /* porgct 1 */,
			);
		};
/* End PBXProject section */

/* Begin PBXResourcesBuildPhase section */
		426BDB4D284398FB008E9C5A /* Resources */ = {
			isa = PBXResourcesBuildPhase;
			buildActionMask = 2147483647;
			files = (
				426BDB5A284398FD008E9C5A /* Preview Assets.xcassets in Resources */,
				426BDB57284398FD008E9C5A /* Assets.xcassets in Resources */,
				AEB4214F284D2E1400A942B0 /* GoogleService-Info.plist in Resources */,
			);
			runOnlyForDeploymentPostprocessing = 0;
		};
/* End PBXResourcesBuildPhase section */

/* Begin PBXSourcesBuildPhase section */
		426BDB4B284398FB008E9C5A /* Sources */ = {
			isa = PBXSourcesBuildPhase;
			buildActionMask = 2147483647;
			files = (
				8A9B1C64285EAA4800024954 /* homedriver.swift in Sources */,
				42A70F032861F7C30093FACA /* new.order.swift in Sources */,
				8A948D4B2860A0600069997F /* homeuser.swift in Sources */,
				42A70F092862025E0093FACA /* ImagePicker.swift in Sources */,
				AEBD7847284794EA00202C25 /* NewRegistration.swift in Sources */,
				42A70F012861F3060093FACA /* MyMap.swift in Sources */,
				8A831869285E4D2200B8C702 /* profile.user.swift in Sources */,
				42A70F05286201960093FACA /* MapFile.swift in Sources */,
				8A831867285E4ADE00B8C702 /* profile.driver.swift in Sources */,
				8A9B1C66285EAD0400024954 /* navigationdriver.swift in Sources */,
				8A9B1C68285EB18F00024954 /* NavigationUser.swift in Sources */,
				AEB4214D284D137600A942B0 /* offer.swift in Sources */,
				42A70F07286202250093FACA /* DateAndTime.swift in Sources */,
				426BDB53284398FB008E9C5A /* porgct_1App.swift in Sources */,
			);
			runOnlyForDeploymentPostprocessing = 0;
		};
/* End PBXSourcesBuildPhase section */

/* Begin XCBuildConfiguration section */
		426BDB5B284398FD008E9C5A /* Debug */ = {
			isa = XCBuildConfiguration;
			buildSettings = {
				ALWAYS_SEARCH_USER_PATHS = NO;
				CLANG_ANALYZER_NONNULL = YES;
				CLANG_ANALYZER_NUMBER_OBJECT_CONVERSION = YES_AGGRESSIVE;
				CLANG_CXX_LANGUAGE_STANDARD = "gnu++17";
				CLANG_ENABLE_MODULES = YES;
				CLANG_ENABLE_OBJC_ARC = YES;
				CLANG_ENABLE_OBJC_WEAK = YES;
				CLANG_WARN_BLOCK_CAPTURE_AUTORELEASING = YES;
				CLANG_WARN_BOOL_CONVERSION = YES;
				CLANG_WARN_COMMA = YES;
				CLANG_WARN_CONSTANT_CONVERSION = YES;
				CLANG_WARN_DEPRECATED_OBJC_IMPLEMENTATIONS = YES;
				CLANG_WARN_DIRECT_OBJC_ISA_USAGE = YES_ERROR;
				CLANG_WARN_DOCUMENTATION_COMMENTS = YES;
				CLANG_WARN_EMPTY_BODY = YES;
				CLANG_WARN_ENUM_CONVERSION = YES;
				CLANG_WARN_INFINITE_RECURSION = YES;
				CLANG_WARN_INT_CONVERSION = YES;
				CLANG_WARN_NON_LITERAL_NULL_CONVERSION = YES;
				CLANG_WARN_OBJC_IMPLICIT_RETAIN_SELF = YES;
				CLANG_WARN_OBJC_LITERAL_CONVERSION = YES;
				CLANG_WARN_OBJC_ROOT_CLASS = YES_ERROR;
				CLANG_WARN_QUOTED_INCLUDE_IN_FRAMEWORK_HEADER = YES;
				CLANG_WARN_RANGE_LOOP_ANALYSIS = YES;
				CLANG_WARN_STRICT_PROTOTYPES = YES;
				CLANG_WARN_SUSPICIOUS_MOVE = YES;
				CLANG_WARN_UNGUARDED_AVAILABILITY = YES_AGGRESSIVE;
				CLANG_WARN_UNREACHABLE_CODE = YES;
				CLANG_WARN__DUPLICATE_METHOD_MATCH = YES;
				COPY_PHASE_STRIP = NO;
				DEBUG_INFORMATION_FORMAT = dwarf;
				ENABLE_STRICT_OBJC_MSGSEND = YES;
				ENABLE_TESTABILITY = YES;
				GCC_C_LANGUAGE_STANDARD = gnu11;
				GCC_DYNAMIC_NO_PIC = NO;
				GCC_NO_COMMON_BLOCKS = YES;
				GCC_OPTIMIZATION_LEVEL = 0;
				GCC_PREPROCESSOR_DEFINITIONS = (
					"DEBUG=1",
					"$(inherited)",
				);
				GCC_WARN_64_TO_32_BIT_CONVERSION = YES;
				GCC_WARN_ABOUT_RETURN_TYPE = YES_ERROR;
				GCC_WARN_UNDECLARED_SELECTOR = YES;
				GCC_WARN_UNINITIALIZED_AUTOS = YES_AGGRESSIVE;
				GCC_WARN_UNUSED_FUNCTION = YES;
				GCC_WARN_UNUSED_VARIABLE = YES;
				IPHONEOS_DEPLOYMENT_TARGET = 15.5;
				MTL_ENABLE_DEBUG_INFO = INCLUDE_SOURCE;
				MTL_FAST_MATH = YES;
				ONLY_ACTIVE_ARCH = YES;
				SDKROOT = iphoneos;
				SWIFT_ACTIVE_COMPILATION_CONDITIONS = DEBUG;
				SWIFT_OPTIMIZATION_LEVEL = "-Onone";
			};
			name = Debug;
		};
		426BDB5C284398FD008E9C5A /* Release */ = {
			isa = XCBuildConfiguration;
			buildSettings = {
				ALWAYS_SEARCH_USER_PATHS = NO;
				CLANG_ANALYZER_NONNULL = YES;
				CLANG_ANALYZER_NUMBER_OBJECT_CONVERSION = YES_AGGRESSIVE;
				CLANG_CXX_LANGUAGE_STANDARD = "gnu++17";
				CLANG_ENABLE_MODULES = YES;
				CLANG_ENABLE_OBJC_ARC = YES;
				CLANG_ENABLE_OBJC_WEAK = YES;
				CLANG_WARN_BLOCK_CAPTURE_AUTORELEASING = YES;
				CLANG_WARN_BOOL_CONVERSION = YES;
				CLANG_WARN_COMMA = YES;
				CLANG_WARN_CONSTANT_CONVERSION = YES;
				CLANG_WARN_DEPRECATED_OBJC_IMPLEMENTATIONS = YES;
				CLANG_WARN_DIRECT_OBJC_ISA_USAGE = YES_ERROR;
				CLANG_WARN_DOCUMENTATION_COMMENTS = YES;
				CLANG_WARN_EMPTY_BODY = YES;
				CLANG_WARN_ENUM_CONVERSION = YES;
				CLANG_WARN_INFINITE_RECURSION = YES;
				CLANG_WARN_INT_CONVERSION = YES;
				CLANG_WARN_NON_LITERAL_NULL_CONVERSION = YES;
				CLANG_WARN_OBJC_IMPLICIT_RETAIN_SELF = YES;
				CLANG_WARN_OBJC_LITERAL_CONVERSION = YES;
				CLANG_WARN_OBJC_ROOT_CLASS = YES_ERROR;
				CLANG_WARN_QUOTED_INCLUDE_IN_FRAMEWORK_HEADER = YES;
				CLANG_WARN_RANGE_LOOP_ANALYSIS = YES;
				CLANG_WARN_STRICT_PROTOTYPES = YES;
				CLANG_WARN_SUSPICIOUS_MOVE = YES;
				CLANG_WARN_UNGUARDED_AVAILABILITY = YES_AGGRESSIVE;
				CLANG_WARN_UNREACHABLE_CODE = YES;
				CLANG_WARN__DUPLICATE_METHOD_MATCH = YES;
				COPY_PHASE_STRIP = NO;
				DEBUG_INFORMATION_FORMAT = "dwarf-with-dsym";
				ENABLE_NS_ASSERTIONS = NO;
				ENABLE_STRICT_OBJC_MSGSEND = YES;
				GCC_C_LANGUAGE_STANDARD = gnu11;
				GCC_NO_COMMON_BLOCKS = YES;
				GCC_WARN_64_TO_32_BIT_CONVERSION = YES;
				GCC_WARN_ABOUT_RETURN_TYPE = YES_ERROR;
				GCC_WARN_UNDECLARED_SELECTOR = YES;
				GCC_WARN_UNINITIALIZED_AUTOS = YES_AGGRESSIVE;
				GCC_WARN_UNUSED_FUNCTION = YES;
				GCC_WARN_UNUSED_VARIABLE = YES;
				IPHONEOS_DEPLOYMENT_TARGET = 15.5;
				MTL_ENABLE_DEBUG_INFO = NO;
				MTL_FAST_MATH = YES;
				SDKROOT = iphoneos;
				SWIFT_COMPILATION_MODE = wholemodule;
				SWIFT_OPTIMIZATION_LEVEL = "-O";
				VALIDATE_PRODUCT = YES;
			};
			name = Release;
		};
		426BDB5E284398FD008E9C5A /* Debug */ = {
			isa = XCBuildConfiguration;
			buildSettings = {
				ASSETCATALOG_COMPILER_APPICON_NAME = AppIcon;
				ASSETCATALOG_COMPILER_GLOBAL_ACCENT_COLOR_NAME = AccentColor;
				CODE_SIGN_STYLE = Automatic;
				CURRENT_PROJECT_VERSION = 1;
				DEVELOPMENT_ASSET_PATHS = "\"porgct 1/Preview Content\"";
				DEVELOPMENT_TEAM = Y4VNMJZ7AL;
				ENABLE_PREVIEWS = YES;
				GENERATE_INFOPLIST_FILE = YES;
				INFOPLIST_KEY_UIApplicationSceneManifest_Generation = YES;
				INFOPLIST_KEY_UIApplicationSupportsIndirectInputEvents = YES;
				INFOPLIST_KEY_UILaunchScreen_Generation = YES;
				INFOPLIST_KEY_UISupportedInterfaceOrientations_iPad = "UIInterfaceOrientationPortrait UIInterfaceOrientationPortraitUpsideDown UIInterfaceOrientationLandscapeLeft UIInterfaceOrientationLandscapeRight";
				INFOPLIST_KEY_UISupportedInterfaceOrientations_iPhone = "UIInterfaceOrientationPortrait UIInterfaceOrientationLandscapeLeft UIInterfaceOrientationLandscapeRight";
				IPHONEOS_DEPLOYMENT_TARGET = 15.2;
				LD_RUNPATH_SEARCH_PATHS = (
					"$(inherited)",
					"@executable_path/Frameworks",
				);
				MARKETING_VERSION = 1.0;
				PRODUCT_BUNDLE_IDENTIFIER = "sa.Shoog.porgct-1";
				PRODUCT_NAME = "$(TARGET_NAME)";
				SWIFT_EMIT_LOC_STRINGS = YES;
				SWIFT_VERSION = 5.0;
				TARGETED_DEVICE_FAMILY = "1,2";
			};
			name = Debug;
		};
		426BDB5F284398FD008E9C5A /* Release */ = {
			isa = XCBuildConfiguration;
			buildSettings = {
				ASSETCATALOG_COMPILER_APPICON_NAME = AppIcon;
				ASSETCATALOG_COMPILER_GLOBAL_ACCENT_COLOR_NAME = AccentColor;
				CODE_SIGN_STYLE = Automatic;
				CURRENT_PROJECT_VERSION = 1;
				DEVELOPMENT_ASSET_PATHS = "\"porgct 1/Preview Content\"";
				DEVELOPMENT_TEAM = Y4VNMJZ7AL;
				ENABLE_PREVIEWS = YES;
				GENERATE_INFOPLIST_FILE = YES;
				INFOPLIST_KEY_UIApplicationSceneManifest_Generation = YES;
				INFOPLIST_KEY_UIApplicationSupportsIndirectInputEvents = YES;
				INFOPLIST_KEY_UILaunchScreen_Generation = YES;
				INFOPLIST_KEY_UISupportedInterfaceOrientations_iPad = "UIInterfaceOrientationPortrait UIInterfaceOrientationPortraitUpsideDown UIInterfaceOrientationLandscapeLeft UIInterfaceOrientationLandscapeRight";
				INFOPLIST_KEY_UISupportedInterfaceOrientations_iPhone = "UIInterfaceOrientationPortrait UIInterfaceOrientationLandscapeLeft UIInterfaceOrientationLandscapeRight";
				IPHONEOS_DEPLOYMENT_TARGET = 15.2;
				LD_RUNPATH_SEARCH_PATHS = (
					"$(inherited)",
					"@executable_path/Frameworks",
				);
				MARKETING_VERSION = 1.0;
				PRODUCT_BUNDLE_IDENTIFIER = "sa.Shoog.porgct-1";
				PRODUCT_NAME = "$(TARGET_NAME)";
				SWIFT_EMIT_LOC_STRINGS = YES;
				SWIFT_VERSION = 5.0;
				TARGETED_DEVICE_FAMILY = "1,2";
			};
			name = Release;
		};
/* End XCBuildConfiguration section */

/* Begin XCConfigurationList section */
		426BDB4A284398FB008E9C5A /* Build configuration list for PBXProject "porgct 1" */ = {
			isa = XCConfigurationList;
			buildConfigurations = (
				426BDB5B284398FD008E9C5A /* Debug */,
				426BDB5C284398FD008E9C5A /* Release */,
			);
			defaultConfigurationIsVisible = 0;
			defaultConfigurationName = Release;
		};
		426BDB5D284398FD008E9C5A /* Build configuration list for PBXNativeTarget "porgct 1" */ = {
			isa = XCConfigurationList;
			buildConfigurations = (
				426BDB5E284398FD008E9C5A /* Debug */,
				426BDB5F284398FD008E9C5A /* Release */,
			);
			defaultConfigurationIsVisible = 0;
			defaultConfigurationName = Release;
		};
/* End XCConfigurationList section */

/* Begin XCRemoteSwiftPackageReference section */
		AEB42150284D337400A942B0 /* XCRemoteSwiftPackageReference "firebase-ios-sdk" */ = {
			isa = XCRemoteSwiftPackageReference;
			repositoryURL = "https://github.com/firebase/firebase-ios-sdk";
			requirement = {
				kind = exactVersion;
				version = 9.1.0;
			};
		};
/* End XCRemoteSwiftPackageReference section */

/* Begin XCSwiftPackageProductDependency section */
		AEB42151284D337400A942B0 /* FirebaseAuth */ = {
			isa = XCSwiftPackageProductDependency;
			package = AEB42150284D337400A942B0 /* XCRemoteSwiftPackageReference "firebase-ios-sdk" */;
			productName = FirebaseAuth;
		};
		AEB42153284D337400A942B0 /* FirebaseFirestore */ = {
			isa = XCSwiftPackageProductDependency;
			package = AEB42150284D337400A942B0 /* XCRemoteSwiftPackageReference "firebase-ios-sdk" */;
			productName = FirebaseFirestore;
		};
		AEB42155284D337400A942B0 /* FirebaseStorage */ = {
			isa = XCSwiftPackageProductDependency;
			package = AEB42150284D337400A942B0 /* XCRemoteSwiftPackageReference "firebase-ios-sdk" */;
			productName = FirebaseStorage;
		};
/* End XCSwiftPackageProductDependency section */
	};
	rootObject = 426BDB47284398FB008E9C5A /* Project object */;
}
