// !$*UTF8*$!
{
	archiveVersion = 1;
	classes = {
	};
	objectVersion = 55;
	objects = {

/* Begin PBXBuildFile section */
		426BDB53284398FB008E9C5A /* porgct_1App.swift in Sources */ = {isa = PBXBuildFile; fileRef = 426BDB52284398FB008E9C5A /* porgct_1App.swift */; };
		426BDB57284398FD008E9C5A /* Assets.xcassets in Resources */ = {isa = PBXBuildFile; fileRef = 426BDB56284398FD008E9C5A /* Assets.xcassets */; };
		426BDB5A284398FD008E9C5A /* Preview Assets.xcassets in Resources */ = {isa = PBXBuildFile; fileRef = 426BDB59284398FD008E9C5A /* Preview Assets.xcassets */; };
		42A70F012861F3060093FACA /* MyMap.swift in Sources */ = {isa = PBXBuildFile; fileRef = 42A70F002861F3060093FACA /* MyMap.swift */; };
		42A70F032861F7C30093FACA /* new.order.swift in Sources */ = {isa = PBXBuildFile; fileRef = 42A70F022861F7C30093FACA /* new.order.swift */; };
		42A70F05286201960093FACA /* MapFile.swift in Sources */ = {isa = PBXBuildFile; fileRef = 42A70F04286201960093FACA /* MapFile.swift */; };
		42A70F07286202250093FACA /* DateAndTime.swift in Sources */ = {isa = PBXBuildFile; fileRef = 42A70F06286202250093FACA /* DateAndTime.swift */; };
		42A70F092862025E0093FACA /* ImagePicker.swift in Sources */ = {isa = PBXBuildFile; fileRef = 42A70F082862025E0093FACA /* ImagePicker.swift */; };
		857DC72828666E71003D8A23 /*  OrderDriver.swift in Sources */ = {isa = PBXBuildFile; fileRef = 857DC72728666E71003D8A23 /*  OrderDriver.swift */; };
		85FF2268286348CC00DD7047 /* Mmm.swift in Sources */ = {isa = PBXBuildFile; fileRef = 85FF2267286348CC00DD7047 /* Mmm.swift */; };
		8A2857212880D05300115251 /* NewOrder.Request.swift in Sources */ = {isa = PBXBuildFile; fileRef = 8A2857202880D05300115251 /* NewOrder.Request.swift */; };
		8A2857232880D77400115251 /* MyOrders.Driver.swift in Sources */ = {isa = PBXBuildFile; fileRef = 8A2857222880D77400115251 /* MyOrders.Driver.swift */; };
		8A2857252881162F00115251 /* DoNotOffer.swift in Sources */ = {isa = PBXBuildFile; fileRef = 8A2857242881162F00115251 /* DoNotOffer.swift */; };
		8A28572928824E9F00115251 /* MyOrderUser2.swift in Sources */ = {isa = PBXBuildFile; fileRef = 8A28572828824E9F00115251 /* MyOrderUser2.swift */; };
		8A28572B28824FFA00115251 /* CustomerPayment.swift in Sources */ = {isa = PBXBuildFile; fileRef = 8A28572A28824FFA00115251 /* CustomerPayment.swift */; };
		8A28572D2882ED1A00115251 /* after.paymentDriver.swift in Sources */ = {isa = PBXBuildFile; fileRef = 8A28572C2882ED1A00115251 /* after.paymentDriver.swift */; };
		8A28572F28837B2400115251 /* DataAndTimeDriver.swift in Sources */ = {isa = PBXBuildFile; fileRef = 8A28572E28837B2400115251 /* DataAndTimeDriver.swift */; };
		8A4CA4CB28763A4F00AA5631 /* MyOrders.swift in Sources */ = {isa = PBXBuildFile; fileRef = 8A4CA4CA28763A4F00AA5631 /* MyOrders.swift */; };
		8A767018287B809F001EE287 /* Taste.swift in Sources */ = {isa = PBXBuildFile; fileRef = 8A767017287B809F001EE287 /* Taste.swift */; };
		8A831867285E4ADE00B8C702 /* profile.driver.swift in Sources */ = {isa = PBXBuildFile; fileRef = 8A831866285E4ADE00B8C702 /* profile.driver.swift */; };
		8A831869285E4D2200B8C702 /* CustomerProfile.swift in Sources */ = {isa = PBXBuildFile; fileRef = 8A831868285E4D2200B8C702 /* CustomerProfile.swift */; };
		8A948D4B2860A0600069997F /* homeuser.swift in Sources */ = {isa = PBXBuildFile; fileRef = 8A948D4A2860A0600069997F /* homeuser.swift */; };
		8A98C9482863D7FC007C0AF0 /* Driver.account.swift in Sources */ = {isa = PBXBuildFile; fileRef = 8A98C9472863D7FC007C0AF0 /* Driver.account.swift */; };
		8A98C94A2863DEAE007C0AF0 /* payment.swift in Sources */ = {isa = PBXBuildFile; fileRef = 8A98C9492863DEAE007C0AF0 /* payment.swift */; };
		8A98C94C28649E89007C0AF0 /* CustomerPaymentComplete.swift in Sources */ = {isa = PBXBuildFile; fileRef = 8A98C94B28649E89007C0AF0 /* CustomerPaymentComplete.swift */; };
		8A9B1C64285EAA4800024954 /* homedriver.swift in Sources */ = {isa = PBXBuildFile; fileRef = 8A9B1C63285EAA4800024954 /* homedriver.swift */; };
		8A9B1C66285EAD0400024954 /* navigationdriver.swift in Sources */ = {isa = PBXBuildFile; fileRef = 8A9B1C65285EAD0400024954 /* navigationdriver.swift */; };
		8A9B1C68285EB18F00024954 /* NavigationUser.swift in Sources */ = {isa = PBXBuildFile; fileRef = 8A9B1C67285EB18F00024954 /* NavigationUser.swift */; };
		8A9F7BB42864B88F00D390A8 /* Sarah.tast.swift in Sources */ = {isa = PBXBuildFile; fileRef = 8A9F7BB32864B88F00D390A8 /* Sarah.tast.swift */; };
		8A9F7BB6286509A700D390A8 /* CustomerHome.swift in Sources */ = {isa = PBXBuildFile; fileRef = 8A9F7BB5286509A700D390A8 /* CustomerHome.swift */; };
		8AB618362873261500630F61 /* UserModel.swift in Sources */ = {isa = PBXBuildFile; fileRef = 8AB618352873261500630F61 /* UserModel.swift */; };
		8AB61839287327AB00630F61 /* UserVM.swift in Sources */ = {isa = PBXBuildFile; fileRef = 8AB61838287327AB00630F61 /* UserVM.swift */; };
		8AB6183B2873294C00630F61 /* AuthViewModel.swift in Sources */ = {isa = PBXBuildFile; fileRef = 8AB6183A2873294C00630F61 /* AuthViewModel.swift */; };
		8AB6183E2873376200630F61 /* FirebaseDatabase in Frameworks */ = {isa = PBXBuildFile; productRef = 8AB6183D2873376200630F61 /* FirebaseDatabase */; };
		8ABC2423286DDEF1002E214E /* CustomerPlaceOrder.swift in Sources */ = {isa = PBXBuildFile; fileRef = 8ABC2422286DDEF1002E214E /* CustomerPlaceOrder.swift */; };
		8ABC2425286DECC1002E214E /* Structs.swift in Sources */ = {isa = PBXBuildFile; fileRef = 8ABC2424286DECC1002E214E /* Structs.swift */; };
		AE0E5EC92875106A00C99F02 /* RequestM.swift in Sources */ = {isa = PBXBuildFile; fileRef = AE0E5EC82875106A00C99F02 /* RequestM.swift */; };
		AE1C2BED2889C6F6000C08F3 /* FirebaseMessaging in Frameworks */ = {isa = PBXBuildFile; productRef = AE1C2BEC2889C6F6000C08F3 /* FirebaseMessaging */; };
		AE54AE2128633F94006FD4CB /* SplashScreenView.swift in Sources */ = {isa = PBXBuildFile; fileRef = AE54AE2028633F94006FD4CB /* SplashScreenView.swift */; };
		AE54AE23286342FD006FD4CB /* PageModel-onbording.swift in Sources */ = {isa = PBXBuildFile; fileRef = AE54AE22286342FD006FD4CB /* PageModel-onbording.swift */; };
		AE54AE2528634356006FD4CB /* PageView-onbording.swift in Sources */ = {isa = PBXBuildFile; fileRef = AE54AE2428634356006FD4CB /* PageView-onbording.swift */; };
		AE54AE27286343CF006FD4CB /* pageView-onbording2.swift in Sources */ = {isa = PBXBuildFile; fileRef = AE54AE26286343CF006FD4CB /* pageView-onbording2.swift */; };
		AE9F5D0228763DDB00C157B2 /* Login.swift in Sources */ = {isa = PBXBuildFile; fileRef = AE9F5D0128763DDB00C157B2 /* Login.swift */; };
		AE9F5D08287B1A3E00C157B2 /* Registration.swift in Sources */ = {isa = PBXBuildFile; fileRef = AE9F5D07287B1A3E00C157B2 /* Registration.swift */; };
		AEB4214D284D137600A942B0 /* CustomerGetOffers.swift in Sources */ = {isa = PBXBuildFile; fileRef = AEB4214C284D137600A942B0 /* CustomerGetOffers.swift */; };
		AEB4214F284D2E1400A942B0 /* GoogleService-Info.plist in Resources */ = {isa = PBXBuildFile; fileRef = AEB4214E284D2E1400A942B0 /* GoogleService-Info.plist */; };
		AEB42152284D337400A942B0 /* FirebaseAuth in Frameworks */ = {isa = PBXBuildFile; productRef = AEB42151284D337400A942B0 /* FirebaseAuth */; };
		AEB42154284D337400A942B0 /* FirebaseFirestore in Frameworks */ = {isa = PBXBuildFile; productRef = AEB42153284D337400A942B0 /* FirebaseFirestore */; };
		AEB42156284D337400A942B0 /* FirebaseStorage in Frameworks */ = {isa = PBXBuildFile; productRef = AEB42155284D337400A942B0 /* FirebaseStorage */; };
		E6A4575528886C2C009F4D95 /* CodableFirebase in Frameworks */ = {isa = PBXBuildFile; productRef = E6A4575428886C2C009F4D95 /* CodableFirebase */; };
		E6A45757288873C3009F4D95 /* Constants.swift in Sources */ = {isa = PBXBuildFile; fileRef = E6A45756288873C3009F4D95 /* Constants.swift */; };
		E6A45759288884D4009F4D95 /* PlaceOrderModel.swift in Sources */ = {isa = PBXBuildFile; fileRef = E6A45758288884D4009F4D95 /* PlaceOrderModel.swift */; };
		E6A8515A2888559300DAD895 /* KRProgressHUD in Frameworks */ = {isa = PBXBuildFile; productRef = E6A851592888559300DAD895 /* KRProgressHUD */; };
/* End PBXBuildFile section */

/* Begin PBXFileReference section */
		426BDB4F284398FB008E9C5A /* Habhoob.app */ = {isa = PBXFileReference; explicitFileType = wrapper.application; includeInIndex = 0; path = Habhoob.app; sourceTree = BUILT_PRODUCTS_DIR; };
		426BDB52284398FB008E9C5A /* porgct_1App.swift */ = {isa = PBXFileReference; lastKnownFileType = sourcecode.swift; path = porgct_1App.swift; sourceTree = "<group>"; };
		426BDB56284398FD008E9C5A /* Assets.xcassets */ = {isa = PBXFileReference; lastKnownFileType = folder.assetcatalog; path = Assets.xcassets; sourceTree = "<group>"; };
		426BDB59284398FD008E9C5A /* Preview Assets.xcassets */ = {isa = PBXFileReference; lastKnownFileType = folder.assetcatalog; path = "Preview Assets.xcassets"; sourceTree = "<group>"; };
		42A70F002861F3060093FACA /* MyMap.swift */ = {isa = PBXFileReference; lastKnownFileType = sourcecode.swift; path = MyMap.swift; sourceTree = "<group>"; };
		42A70F022861F7C30093FACA /* new.order.swift */ = {isa = PBXFileReference; lastKnownFileType = sourcecode.swift; path = new.order.swift; sourceTree = "<group>"; };
		42A70F04286201960093FACA /* MapFile.swift */ = {isa = PBXFileReference; lastKnownFileType = sourcecode.swift; path = MapFile.swift; sourceTree = "<group>"; };
		42A70F06286202250093FACA /* DateAndTime.swift */ = {isa = PBXFileReference; lastKnownFileType = sourcecode.swift; path = DateAndTime.swift; sourceTree = "<group>"; };
		42A70F082862025E0093FACA /* ImagePicker.swift */ = {isa = PBXFileReference; lastKnownFileType = sourcecode.swift; path = ImagePicker.swift; sourceTree = "<group>"; };
		857DC72728666E71003D8A23 /*  OrderDriver.swift */ = {isa = PBXFileReference; lastKnownFileType = sourcecode.swift; path = " OrderDriver.swift"; sourceTree = "<group>"; };
		85FF2267286348CC00DD7047 /* Mmm.swift */ = {isa = PBXFileReference; lastKnownFileType = sourcecode.swift; path = Mmm.swift; sourceTree = "<group>"; };
		8A2857202880D05300115251 /* NewOrder.Request.swift */ = {isa = PBXFileReference; lastKnownFileType = sourcecode.swift; path = NewOrder.Request.swift; sourceTree = "<group>"; };
		8A2857222880D77400115251 /* MyOrders.Driver.swift */ = {isa = PBXFileReference; lastKnownFileType = sourcecode.swift; path = MyOrders.Driver.swift; sourceTree = "<group>"; };
		8A2857242881162F00115251 /* DoNotOffer.swift */ = {isa = PBXFileReference; lastKnownFileType = sourcecode.swift; path = DoNotOffer.swift; sourceTree = "<group>"; };
		8A28572828824E9F00115251 /* MyOrderUser2.swift */ = {isa = PBXFileReference; lastKnownFileType = sourcecode.swift; path = MyOrderUser2.swift; sourceTree = "<group>"; };
		8A28572A28824FFA00115251 /* CustomerPayment.swift */ = {isa = PBXFileReference; lastKnownFileType = sourcecode.swift; path = CustomerPayment.swift; sourceTree = "<group>"; };
		8A28572C2882ED1A00115251 /* after.paymentDriver.swift */ = {isa = PBXFileReference; lastKnownFileType = sourcecode.swift; path = after.paymentDriver.swift; sourceTree = "<group>"; };
		8A28572E28837B2400115251 /* DataAndTimeDriver.swift */ = {isa = PBXFileReference; lastKnownFileType = sourcecode.swift; path = DataAndTimeDriver.swift; sourceTree = "<group>"; };
		8A4CA4CA28763A4F00AA5631 /* MyOrders.swift */ = {isa = PBXFileReference; lastKnownFileType = sourcecode.swift; path = MyOrders.swift; sourceTree = "<group>"; };
		8A767017287B809F001EE287 /* Taste.swift */ = {isa = PBXFileReference; lastKnownFileType = sourcecode.swift; path = Taste.swift; sourceTree = "<group>"; };
		8A831866285E4ADE00B8C702 /* profile.driver.swift */ = {isa = PBXFileReference; lastKnownFileType = sourcecode.swift; path = profile.driver.swift; sourceTree = "<group>"; };
		8A831868285E4D2200B8C702 /* CustomerProfile.swift */ = {isa = PBXFileReference; lastKnownFileType = sourcecode.swift; path = CustomerProfile.swift; sourceTree = "<group>"; };
		8A948D4A2860A0600069997F /* homeuser.swift */ = {isa = PBXFileReference; lastKnownFileType = sourcecode.swift; path = homeuser.swift; sourceTree = "<group>"; };
		8A98C9472863D7FC007C0AF0 /* Driver.account.swift */ = {isa = PBXFileReference; lastKnownFileType = sourcecode.swift; path = Driver.account.swift; sourceTree = "<group>"; };
		8A98C9492863DEAE007C0AF0 /* payment.swift */ = {isa = PBXFileReference; lastKnownFileType = sourcecode.swift; path = payment.swift; sourceTree = "<group>"; };
		8A98C94B28649E89007C0AF0 /* CustomerPaymentComplete.swift */ = {isa = PBXFileReference; lastKnownFileType = sourcecode.swift; path = CustomerPaymentComplete.swift; sourceTree = "<group>"; };
		8A9B1C63285EAA4800024954 /* homedriver.swift */ = {isa = PBXFileReference; lastKnownFileType = sourcecode.swift; path = homedriver.swift; sourceTree = "<group>"; };
		8A9B1C65285EAD0400024954 /* navigationdriver.swift */ = {isa = PBXFileReference; lastKnownFileType = sourcecode.swift; path = navigationdriver.swift; sourceTree = "<group>"; };
		8A9B1C67285EB18F00024954 /* NavigationUser.swift */ = {isa = PBXFileReference; lastKnownFileType = sourcecode.swift; path = NavigationUser.swift; sourceTree = "<group>"; };
		8A9F7BB32864B88F00D390A8 /* Sarah.tast.swift */ = {isa = PBXFileReference; lastKnownFileType = sourcecode.swift; path = Sarah.tast.swift; sourceTree = "<group>"; };
		8A9F7BB5286509A700D390A8 /* CustomerHome.swift */ = {isa = PBXFileReference; lastKnownFileType = sourcecode.swift; path = CustomerHome.swift; sourceTree = "<group>"; };
		8AB618352873261500630F61 /* UserModel.swift */ = {isa = PBXFileReference; lastKnownFileType = sourcecode.swift; path = UserModel.swift; sourceTree = "<group>"; };
		8AB61838287327AB00630F61 /* UserVM.swift */ = {isa = PBXFileReference; lastKnownFileType = sourcecode.swift; path = UserVM.swift; sourceTree = "<group>"; };
		8AB6183A2873294C00630F61 /* AuthViewModel.swift */ = {isa = PBXFileReference; lastKnownFileType = sourcecode.swift; path = AuthViewModel.swift; sourceTree = "<group>"; };
		8ABC2422286DDEF1002E214E /* CustomerPlaceOrder.swift */ = {isa = PBXFileReference; lastKnownFileType = sourcecode.swift; path = CustomerPlaceOrder.swift; sourceTree = "<group>"; };
		8ABC2424286DECC1002E214E /* Structs.swift */ = {isa = PBXFileReference; lastKnownFileType = sourcecode.swift; path = Structs.swift; sourceTree = "<group>"; };
		AE0E5EC82875106A00C99F02 /* RequestM.swift */ = {isa = PBXFileReference; lastKnownFileType = sourcecode.swift; path = RequestM.swift; sourceTree = "<group>"; };
		AE1C2BEA2889BD2C000C08F3 /* Habhoob.entitlements */ = {isa = PBXFileReference; lastKnownFileType = text.plist.entitlements; path = Habhoob.entitlements; sourceTree = "<group>"; };
		AE1C2BEB2889C30D000C08F3 /* Habhoob-Info.plist */ = {isa = PBXFileReference; lastKnownFileType = text.plist; path = "Habhoob-Info.plist"; sourceTree = "<group>"; };
		AE54AE2028633F94006FD4CB /* SplashScreenView.swift */ = {isa = PBXFileReference; lastKnownFileType = sourcecode.swift; path = SplashScreenView.swift; sourceTree = "<group>"; };
		AE54AE22286342FD006FD4CB /* PageModel-onbording.swift */ = {isa = PBXFileReference; lastKnownFileType = sourcecode.swift; path = "PageModel-onbording.swift"; sourceTree = "<group>"; };
		AE54AE2428634356006FD4CB /* PageView-onbording.swift */ = {isa = PBXFileReference; lastKnownFileType = sourcecode.swift; path = "PageView-onbording.swift"; sourceTree = "<group>"; };
		AE54AE26286343CF006FD4CB /* pageView-onbording2.swift */ = {isa = PBXFileReference; lastKnownFileType = sourcecode.swift; path = "pageView-onbording2.swift"; sourceTree = "<group>"; };
		AE9F5D0128763DDB00C157B2 /* Login.swift */ = {isa = PBXFileReference; lastKnownFileType = sourcecode.swift; path = Login.swift; sourceTree = "<group>"; };
		AE9F5D07287B1A3E00C157B2 /* Registration.swift */ = {isa = PBXFileReference; lastKnownFileType = sourcecode.swift; path = Registration.swift; sourceTree = "<group>"; };
		AEB4214C284D137600A942B0 /* CustomerGetOffers.swift */ = {isa = PBXFileReference; lastKnownFileType = sourcecode.swift; path = CustomerGetOffers.swift; sourceTree = "<group>"; };
		AEB4214E284D2E1400A942B0 /* GoogleService-Info.plist */ = {isa = PBXFileReference; fileEncoding = 4; lastKnownFileType = text.plist.xml; path = "GoogleService-Info.plist"; sourceTree = "<group>"; };
		E6A45756288873C3009F4D95 /* Constants.swift */ = {isa = PBXFileReference; lastKnownFileType = sourcecode.swift; path = Constants.swift; sourceTree = "<group>"; };
		E6A45758288884D4009F4D95 /* PlaceOrderModel.swift */ = {isa = PBXFileReference; lastKnownFileType = sourcecode.swift; path = PlaceOrderModel.swift; sourceTree = "<group>"; };
/* End PBXFileReference section */

/* Begin PBXFrameworksBuildPhase section */
		426BDB4C284398FB008E9C5A /* Frameworks */ = {
			isa = PBXFrameworksBuildPhase;
			buildActionMask = 2147483647;
			files = (
				E6A4575528886C2C009F4D95 /* CodableFirebase in Frameworks */,
				AEB42152284D337400A942B0 /* FirebaseAuth in Frameworks */,
				AEB42154284D337400A942B0 /* FirebaseFirestore in Frameworks */,
				AE1C2BED2889C6F6000C08F3 /* FirebaseMessaging in Frameworks */,
				8AB6183E2873376200630F61 /* FirebaseDatabase in Frameworks */,
				E6A8515A2888559300DAD895 /* KRProgressHUD in Frameworks */,
				AEB42156284D337400A942B0 /* FirebaseStorage in Frameworks */,
			);
			runOnlyForDeploymentPostprocessing = 0;
		};
/* End PBXFrameworksBuildPhase section */

/* Begin PBXGroup section */
		426BDB46284398FB008E9C5A = {
			isa = PBXGroup;
			children = (
				AE1C2BEB2889C30D000C08F3 /* Habhoob-Info.plist */,
				AE1C2BEA2889BD2C000C08F3 /* Habhoob.entitlements */,
				426BDB51284398FB008E9C5A /* porgct 1 */,
				426BDB50284398FB008E9C5A /* Products */,
				8AB6183C2873376200630F61 /* Frameworks */,
			);
			sourceTree = "<group>";
		};
		426BDB50284398FB008E9C5A /* Products */ = {
			isa = PBXGroup;
			children = (
				426BDB4F284398FB008E9C5A /* Habhoob.app */,
			);
			name = Products;
			sourceTree = "<group>";
		};
		426BDB51284398FB008E9C5A /* porgct 1 */ = {
			isa = PBXGroup;
			children = (
				8AB618372873279500630F61 /* Viewmodels */,
				8AB61834287325EA00630F61 /* Models */,
				426BDB52284398FB008E9C5A /* porgct_1App.swift */,
				8A9F7BB32864B88F00D390A8 /* Sarah.tast.swift */,
				AE54AE2028633F94006FD4CB /* SplashScreenView.swift */,
				AE54AE2428634356006FD4CB /* PageView-onbording.swift */,
				AE54AE26286343CF006FD4CB /* pageView-onbording2.swift */,
				AE54AE22286342FD006FD4CB /* PageModel-onbording.swift */,
				AE9F5D07287B1A3E00C157B2 /* Registration.swift */,
				AE9F5D0128763DDB00C157B2 /* Login.swift */,
				AEB4214C284D137600A942B0 /* CustomerGetOffers.swift */,
				8A4CA4CA28763A4F00AA5631 /* MyOrders.swift */,
				8A2857242881162F00115251 /* DoNotOffer.swift */,
				857DC72728666E71003D8A23 /*  OrderDriver.swift */,
				8ABC2422286DDEF1002E214E /* CustomerPlaceOrder.swift */,
				8A2857202880D05300115251 /* NewOrder.Request.swift */,
				8A98C9492863DEAE007C0AF0 /* payment.swift */,
				8A28572A28824FFA00115251 /* CustomerPayment.swift */,
				8A98C94B28649E89007C0AF0 /* CustomerPaymentComplete.swift */,
				E6A45756288873C3009F4D95 /* Constants.swift */,
				8A28572C2882ED1A00115251 /* after.paymentDriver.swift */,
				42A70F002861F3060093FACA /* MyMap.swift */,
				42A70F04286201960093FACA /* MapFile.swift */,
				42A70F06286202250093FACA /* DateAndTime.swift */,
				8A28572E28837B2400115251 /* DataAndTimeDriver.swift */,
				42A70F082862025E0093FACA /* ImagePicker.swift */,
				8A831866285E4ADE00B8C702 /* profile.driver.swift */,
				8A831868285E4D2200B8C702 /* CustomerProfile.swift */,
				8A28572828824E9F00115251 /* MyOrderUser2.swift */,
				8A2857222880D77400115251 /* MyOrders.Driver.swift */,
				8A98C9472863D7FC007C0AF0 /* Driver.account.swift */,
				8A9B1C63285EAA4800024954 /* homedriver.swift */,
				8A9B1C65285EAD0400024954 /* navigationdriver.swift */,
				8A9B1C67285EB18F00024954 /* NavigationUser.swift */,
				8A9F7BB5286509A700D390A8 /* CustomerHome.swift */,
				8A767017287B809F001EE287 /* Taste.swift */,
				426BDB56284398FD008E9C5A /* Assets.xcassets */,
				426BDB58284398FD008E9C5A /* Preview Content */,
				8ABC2424286DECC1002E214E /* Structs.swift */,
			);
			path = "porgct 1";
			sourceTree = "<group>";
		};
		426BDB58284398FD008E9C5A /* Preview Content */ = {
			isa = PBXGroup;
			children = (
				426BDB59284398FD008E9C5A /* Preview Assets.xcassets */,
				AEB4214E284D2E1400A942B0 /* GoogleService-Info.plist */,
				42A70F022861F7C30093FACA /* new.order.swift */,
				85FF2267286348CC00DD7047 /* Mmm.swift */,
				8A948D4A2860A0600069997F /* homeuser.swift */,
			);
			path = "Preview Content";
			sourceTree = "<group>";
		};
		8AB61834287325EA00630F61 /* Models */ = {
			isa = PBXGroup;
			children = (
				8AB618352873261500630F61 /* UserModel.swift */,
				E6A45758288884D4009F4D95 /* PlaceOrderModel.swift */,
				AE0E5EC82875106A00C99F02 /* RequestM.swift */,
			);
			path = Models;
			sourceTree = "<group>";
		};
		8AB618372873279500630F61 /* Viewmodels */ = {
			isa = PBXGroup;
			children = (
				8AB61838287327AB00630F61 /* UserVM.swift */,
				8AB6183A2873294C00630F61 /* AuthViewModel.swift */,
			);
			path = Viewmodels;
			sourceTree = "<group>";
		};
		8AB6183C2873376200630F61 /* Frameworks */ = {
			isa = PBXGroup;
			children = (
			);
			name = Frameworks;
			sourceTree = "<group>";
		};
/* End PBXGroup section */

/* Begin PBXNativeTarget section */
		426BDB4E284398FB008E9C5A /* Habhoob */ = {
			isa = PBXNativeTarget;
			buildConfigurationList = 426BDB5D284398FD008E9C5A /* Build configuration list for PBXNativeTarget "Habhoob" */;
			buildPhases = (
				426BDB4B284398FB008E9C5A /* Sources */,
				426BDB4C284398FB008E9C5A /* Frameworks */,
				426BDB4D284398FB008E9C5A /* Resources */,
			);
			buildRules = (
			);
			dependencies = (
			);
			name = Habhoob;
			packageProductDependencies = (
				AEB42151284D337400A942B0 /* FirebaseAuth */,
				AEB42153284D337400A942B0 /* FirebaseFirestore */,
				AEB42155284D337400A942B0 /* FirebaseStorage */,
				8AB6183D2873376200630F61 /* FirebaseDatabase */,
				E6A851592888559300DAD895 /* KRProgressHUD */,
				E6A4575428886C2C009F4D95 /* CodableFirebase */,
				AE1C2BEC2889C6F6000C08F3 /* FirebaseMessaging */,
			);
			productName = "porgct 1";
			productReference = 426BDB4F284398FB008E9C5A /* Habhoob.app */;
			productType = "com.apple.product-type.application";
		};
/* End PBXNativeTarget section */

/* Begin PBXProject section */
		426BDB47284398FB008E9C5A /* Project object */ = {
			isa = PBXProject;
			attributes = {
				BuildIndependentTargetsInParallel = 1;
				LastSwiftUpdateCheck = 1340;
				LastUpgradeCheck = 1340;
				TargetAttributes = {
					426BDB4E284398FB008E9C5A = {
						CreatedOnToolsVersion = 13.4;
					};
				};
			};
			buildConfigurationList = 426BDB4A284398FB008E9C5A /* Build configuration list for PBXProject "Habhoob" */;
			compatibilityVersion = "Xcode 13.0";
			developmentRegion = en;
			hasScannedForEncodings = 0;
			knownRegions = (
				en,
				Base,
			);
			mainGroup = 426BDB46284398FB008E9C5A;
			packageReferences = (
				AEB42150284D337400A942B0 /* XCRemoteSwiftPackageReference "firebase-ios-sdk" */,
				E6A851582888559300DAD895 /* XCRemoteSwiftPackageReference "KRProgressHUD" */,
				E6A4575328886C2B009F4D95 /* XCRemoteSwiftPackageReference "CodableFirebase" */,
			);
			productRefGroup = 426BDB50284398FB008E9C5A /* Products */;
			projectDirPath = "";
			projectRoot = "";
			targets = (
				426BDB4E284398FB008E9C5A /* Habhoob */,
			);
		};
/* End PBXProject section */

/* Begin PBXResourcesBuildPhase section */
		426BDB4D284398FB008E9C5A /* Resources */ = {
			isa = PBXResourcesBuildPhase;
			buildActionMask = 2147483647;
			files = (
				426BDB5A284398FD008E9C5A /* Preview Assets.xcassets in Resources */,
				426BDB57284398FD008E9C5A /* Assets.xcassets in Resources */,
				AEB4214F284D2E1400A942B0 /* GoogleService-Info.plist in Resources */,
			);
			runOnlyForDeploymentPostprocessing = 0;
		};
/* End PBXResourcesBuildPhase section */

/* Begin PBXSourcesBuildPhase section */
		426BDB4B284398FB008E9C5A /* Sources */ = {
			isa = PBXSourcesBuildPhase;
			buildActionMask = 2147483647;
			files = (
				8A9B1C64285EAA4800024954 /* homedriver.swift in Sources */,
				AE54AE27286343CF006FD4CB /* pageView-onbording2.swift in Sources */,
				8A2857212880D05300115251 /* NewOrder.Request.swift in Sources */,
				8A28572928824E9F00115251 /* MyOrderUser2.swift in Sources */,
				8AB618362873261500630F61 /* UserModel.swift in Sources */,
				8AB61839287327AB00630F61 /* UserVM.swift in Sources */,
				8A28572B28824FFA00115251 /* CustomerPayment.swift in Sources */,
				AE54AE23286342FD006FD4CB /* PageModel-onbording.swift in Sources */,
				E6A45757288873C3009F4D95 /* Constants.swift in Sources */,
				AE54AE2528634356006FD4CB /* PageView-onbording.swift in Sources */,
				E6A45759288884D4009F4D95 /* PlaceOrderModel.swift in Sources */,
				42A70F032861F7C30093FACA /* new.order.swift in Sources */,
				8A2857232880D77400115251 /* MyOrders.Driver.swift in Sources */,
				AE54AE2128633F94006FD4CB /* SplashScreenView.swift in Sources */,
				8A948D4B2860A0600069997F /* homeuser.swift in Sources */,
				42A70F092862025E0093FACA /* ImagePicker.swift in Sources */,
				AE9F5D08287B1A3E00C157B2 /* Registration.swift in Sources */,
				8A98C94C28649E89007C0AF0 /* CustomerPaymentComplete.swift in Sources */,
				8A98C9482863D7FC007C0AF0 /* Driver.account.swift in Sources */,
				8A9F7BB42864B88F00D390A8 /* Sarah.tast.swift in Sources */,
				8A28572D2882ED1A00115251 /* after.paymentDriver.swift in Sources */,
				42A70F012861F3060093FACA /* MyMap.swift in Sources */,
				AE9F5D0228763DDB00C157B2 /* Login.swift in Sources */,
				8A2857252881162F00115251 /* DoNotOffer.swift in Sources */,
				8A831869285E4D2200B8C702 /* CustomerProfile.swift in Sources */,
				8A767018287B809F001EE287 /* Taste.swift in Sources */,
				8A98C94A2863DEAE007C0AF0 /* payment.swift in Sources */,
				8A9F7BB6286509A700D390A8 /* CustomerHome.swift in Sources */,
				8ABC2423286DDEF1002E214E /* CustomerPlaceOrder.swift in Sources */,
				42A70F05286201960093FACA /* MapFile.swift in Sources */,
				8A831867285E4ADE00B8C702 /* profile.driver.swift in Sources */,
				857DC72828666E71003D8A23 /*  OrderDriver.swift in Sources */,
				8A9B1C66285EAD0400024954 /* navigationdriver.swift in Sources */,
				8A28572F28837B2400115251 /* DataAndTimeDriver.swift in Sources */,
				8A9B1C68285EB18F00024954 /* NavigationUser.swift in Sources */,
				AEB4214D284D137600A942B0 /* CustomerGetOffers.swift in Sources */,
				8AB6183B2873294C00630F61 /* AuthViewModel.swift in Sources */,
				8ABC2425286DECC1002E214E /* Structs.swift in Sources */,
				42A70F07286202250093FACA /* DateAndTime.swift in Sources */,
				426BDB53284398FB008E9C5A /* porgct_1App.swift in Sources */,
				85FF2268286348CC00DD7047 /* Mmm.swift in Sources */,
				AE0E5EC92875106A00C99F02 /* RequestM.swift in Sources */,
				8A4CA4CB28763A4F00AA5631 /* MyOrders.swift in Sources */,
			);
			runOnlyForDeploymentPostprocessing = 0;
		};
/* End PBXSourcesBuildPhase section */

/* Begin XCBuildConfiguration section */
		426BDB5B284398FD008E9C5A /* Debug */ = {
			isa = XCBuildConfiguration;
			buildSettings = {
				ALWAYS_SEARCH_USER_PATHS = NO;
				CLANG_ANALYZER_NONNULL = YES;
				CLANG_ANALYZER_NUMBER_OBJECT_CONVERSION = YES_AGGRESSIVE;
				CLANG_CXX_LANGUAGE_STANDARD = "gnu++17";
				CLANG_ENABLE_MODULES = YES;
				CLANG_ENABLE_OBJC_ARC = YES;
				CLANG_ENABLE_OBJC_WEAK = YES;
				CLANG_WARN_BLOCK_CAPTURE_AUTORELEASING = YES;
				CLANG_WARN_BOOL_CONVERSION = YES;
				CLANG_WARN_COMMA = YES;
				CLANG_WARN_CONSTANT_CONVERSION = YES;
				CLANG_WARN_DEPRECATED_OBJC_IMPLEMENTATIONS = YES;
				CLANG_WARN_DIRECT_OBJC_ISA_USAGE = YES_ERROR;
				CLANG_WARN_DOCUMENTATION_COMMENTS = YES;
				CLANG_WARN_EMPTY_BODY = YES;
				CLANG_WARN_ENUM_CONVERSION = YES;
				CLANG_WARN_INFINITE_RECURSION = YES;
				CLANG_WARN_INT_CONVERSION = YES;
				CLANG_WARN_NON_LITERAL_NULL_CONVERSION = YES;
				CLANG_WARN_OBJC_IMPLICIT_RETAIN_SELF = YES;
				CLANG_WARN_OBJC_LITERAL_CONVERSION = YES;
				CLANG_WARN_OBJC_ROOT_CLASS = YES_ERROR;
				CLANG_WARN_QUOTED_INCLUDE_IN_FRAMEWORK_HEADER = YES;
				CLANG_WARN_RANGE_LOOP_ANALYSIS = YES;
				CLANG_WARN_STRICT_PROTOTYPES = YES;
				CLANG_WARN_SUSPICIOUS_MOVE = YES;
				CLANG_WARN_UNGUARDED_AVAILABILITY = YES_AGGRESSIVE;
				CLANG_WARN_UNREACHABLE_CODE = YES;
				CLANG_WARN__DUPLICATE_METHOD_MATCH = YES;
				COPY_PHASE_STRIP = NO;
				DEBUG_INFORMATION_FORMAT = dwarf;
				ENABLE_STRICT_OBJC_MSGSEND = YES;
				ENABLE_TESTABILITY = YES;
				GCC_C_LANGUAGE_STANDARD = gnu11;
				GCC_DYNAMIC_NO_PIC = NO;
				GCC_NO_COMMON_BLOCKS = YES;
				GCC_OPTIMIZATION_LEVEL = 0;
				GCC_PREPROCESSOR_DEFINITIONS = (
					"DEBUG=1",
					"$(inherited)",
				);
				GCC_WARN_64_TO_32_BIT_CONVERSION = YES;
				GCC_WARN_ABOUT_RETURN_TYPE = YES_ERROR;
				GCC_WARN_UNDECLARED_SELECTOR = YES;
				GCC_WARN_UNINITIALIZED_AUTOS = YES_AGGRESSIVE;
				GCC_WARN_UNUSED_FUNCTION = YES;
				GCC_WARN_UNUSED_VARIABLE = YES;
				IPHONEOS_DEPLOYMENT_TARGET = 15.2;
				MTL_ENABLE_DEBUG_INFO = INCLUDE_SOURCE;
				MTL_FAST_MATH = YES;
				ONLY_ACTIVE_ARCH = YES;
				SDKROOT = iphoneos;
				SWIFT_ACTIVE_COMPILATION_CONDITIONS = DEBUG;
				SWIFT_OPTIMIZATION_LEVEL = "-Onone";
			};
			name = Debug;
		};
		426BDB5C284398FD008E9C5A /* Release */ = {
			isa = XCBuildConfiguration;
			buildSettings = {
				ALWAYS_SEARCH_USER_PATHS = NO;
				CLANG_ANALYZER_NONNULL = YES;
				CLANG_ANALYZER_NUMBER_OBJECT_CONVERSION = YES_AGGRESSIVE;
				CLANG_CXX_LANGUAGE_STANDARD = "gnu++17";
				CLANG_ENABLE_MODULES = YES;
				CLANG_ENABLE_OBJC_ARC = YES;
				CLANG_ENABLE_OBJC_WEAK = YES;
				CLANG_WARN_BLOCK_CAPTURE_AUTORELEASING = YES;
				CLANG_WARN_BOOL_CONVERSION = YES;
				CLANG_WARN_COMMA = YES;
				CLANG_WARN_CONSTANT_CONVERSION = YES;
				CLANG_WARN_DEPRECATED_OBJC_IMPLEMENTATIONS = YES;
				CLANG_WARN_DIRECT_OBJC_ISA_USAGE = YES_ERROR;
				CLANG_WARN_DOCUMENTATION_COMMENTS = YES;
				CLANG_WARN_EMPTY_BODY = YES;
				CLANG_WARN_ENUM_CONVERSION = YES;
				CLANG_WARN_INFINITE_RECURSION = YES;
				CLANG_WARN_INT_CONVERSION = YES;
				CLANG_WARN_NON_LITERAL_NULL_CONVERSION = YES;
				CLANG_WARN_OBJC_IMPLICIT_RETAIN_SELF = YES;
				CLANG_WARN_OBJC_LITERAL_CONVERSION = YES;
				CLANG_WARN_OBJC_ROOT_CLASS = YES_ERROR;
				CLANG_WARN_QUOTED_INCLUDE_IN_FRAMEWORK_HEADER = YES;
				CLANG_WARN_RANGE_LOOP_ANALYSIS = YES;
				CLANG_WARN_STRICT_PROTOTYPES = YES;
				CLANG_WARN_SUSPICIOUS_MOVE = YES;
				CLANG_WARN_UNGUARDED_AVAILABILITY = YES_AGGRESSIVE;
				CLANG_WARN_UNREACHABLE_CODE = YES;
				CLANG_WARN__DUPLICATE_METHOD_MATCH = YES;
				COPY_PHASE_STRIP = NO;
				DEBUG_INFORMATION_FORMAT = "dwarf-with-dsym";
				ENABLE_NS_ASSERTIONS = NO;
				ENABLE_STRICT_OBJC_MSGSEND = YES;
				GCC_C_LANGUAGE_STANDARD = gnu11;
				GCC_NO_COMMON_BLOCKS = YES;
				GCC_WARN_64_TO_32_BIT_CONVERSION = YES;
				GCC_WARN_ABOUT_RETURN_TYPE = YES_ERROR;
				GCC_WARN_UNDECLARED_SELECTOR = YES;
				GCC_WARN_UNINITIALIZED_AUTOS = YES_AGGRESSIVE;
				GCC_WARN_UNUSED_FUNCTION = YES;
				GCC_WARN_UNUSED_VARIABLE = YES;
				IPHONEOS_DEPLOYMENT_TARGET = 15.2;
				MTL_ENABLE_DEBUG_INFO = NO;
				MTL_FAST_MATH = YES;
				SDKROOT = iphoneos;
				SWIFT_COMPILATION_MODE = wholemodule;
				SWIFT_OPTIMIZATION_LEVEL = "-O";
				VALIDATE_PRODUCT = YES;
			};
			name = Release;
		};
		426BDB5E284398FD008E9C5A /* Debug */ = {
			isa = XCBuildConfiguration;
			buildSettings = {
				ASSETCATALOG_COMPILER_APPICON_NAME = AppIcon;
				ASSETCATALOG_COMPILER_GLOBAL_ACCENT_COLOR_NAME = AccentColor;
				CODE_SIGN_ENTITLEMENTS = Habhoob.entitlements;
				CODE_SIGN_IDENTITY = "iPhone Developer";
				CODE_SIGN_STYLE = Manual;
				CURRENT_PROJECT_VERSION = 3;
				DEVELOPMENT_ASSET_PATHS = "\"porgct 1/Preview Content\"";
				DEVELOPMENT_TEAM = CJZ9C782TZ;
				ENABLE_PREVIEWS = YES;
				GENERATE_INFOPLIST_FILE = YES;
				INFOPLIST_FILE = "Habhoob-Info.plist";
				INFOPLIST_KEY_NSLocationAlwaysAndWhenInUseUsageDescription = mmm;
				INFOPLIST_KEY_NSLocationAlwaysUsageDescription = kkk;
				INFOPLIST_KEY_UIApplicationSceneManifest_Generation = YES;
				INFOPLIST_KEY_UIApplicationSupportsIndirectInputEvents = YES;
				INFOPLIST_KEY_UILaunchScreen_Generation = YES;
				INFOPLIST_KEY_UISupportedInterfaceOrientations_iPad = "UIInterfaceOrientationPortrait UIInterfaceOrientationPortraitUpsideDown UIInterfaceOrientationLandscapeLeft UIInterfaceOrientationLandscapeRight";
				INFOPLIST_KEY_UISupportedInterfaceOrientations_iPhone = "UIInterfaceOrientationPortrait UIInterfaceOrientationLandscapeLeft UIInterfaceOrientationLandscapeRight";
				IPHONEOS_DEPLOYMENT_TARGET = 15.2;
				LD_RUNPATH_SEARCH_PATHS = (
					"$(inherited)",
					"@executable_path/Frameworks",
				);
				MARKETING_VERSION = 1.0;
				PRODUCT_BUNDLE_IDENTIFIER = "sa.Shoog.porgct-1";
				PRODUCT_NAME = Habhoob;
				PROVISIONING_PROFILE_SPECIFIER = Habhoob_dev;
				SWIFT_EMIT_LOC_STRINGS = YES;
				SWIFT_VERSION = 5.0;
				TARGETED_DEVICE_FAMILY = "1,2";
			};
			name = Debug;
		};
		426BDB5F284398FD008E9C5A /* Release */ = {
			isa = XCBuildConfiguration;
			buildSettings = {
				ASSETCATALOG_COMPILER_APPICON_NAME = AppIcon;
				ASSETCATALOG_COMPILER_GLOBAL_ACCENT_COLOR_NAME = AccentColor;
				CODE_SIGN_ENTITLEMENTS = Habhoob.entitlements;
				CODE_SIGN_IDENTITY = "iPhone Distribution";
				CODE_SIGN_STYLE = Manual;
				CURRENT_PROJECT_VERSION = 3;
				DEVELOPMENT_ASSET_PATHS = "\"porgct 1/Preview Content\"";
				DEVELOPMENT_TEAM = CJZ9C782TZ;
				ENABLE_PREVIEWS = YES;
				GENERATE_INFOPLIST_FILE = YES;
				INFOPLIST_FILE = "Habhoob-Info.plist";
				INFOPLIST_KEY_NSLocationAlwaysAndWhenInUseUsageDescription = mmm;
				INFOPLIST_KEY_NSLocationAlwaysUsageDescription = kkk;
				INFOPLIST_KEY_UIApplicationSceneManifest_Generation = YES;
				INFOPLIST_KEY_UIApplicationSupportsIndirectInputEvents = YES;
				INFOPLIST_KEY_UILaunchScreen_Generation = YES;
				INFOPLIST_KEY_UISupportedInterfaceOrientations_iPad = "UIInterfaceOrientationPortrait UIInterfaceOrientationPortraitUpsideDown UIInterfaceOrientationLandscapeLeft UIInterfaceOrientationLandscapeRight";
				INFOPLIST_KEY_UISupportedInterfaceOrientations_iPhone = "UIInterfaceOrientationPortrait UIInterfaceOrientationLandscapeLeft UIInterfaceOrientationLandscapeRight";
				IPHONEOS_DEPLOYMENT_TARGET = 15.2;
				LD_RUNPATH_SEARCH_PATHS = (
					"$(inherited)",
					"@executable_path/Frameworks",
				);
				MARKETING_VERSION = 1.0;
				PRODUCT_BUNDLE_IDENTIFIER = "sa.Shoog.porgct-1";
				PRODUCT_NAME = Habhoob;
				PROVISIONING_PROFILE_SPECIFIER = Habhoob_Prodution;
				SWIFT_EMIT_LOC_STRINGS = YES;
				SWIFT_VERSION = 5.0;
				TARGETED_DEVICE_FAMILY = "1,2";
			};
			name = Release;
		};
/* End XCBuildConfiguration section */

/* Begin XCConfigurationList section */
		426BDB4A284398FB008E9C5A /* Build configuration list for PBXProject "Habhoob" */ = {
			isa = XCConfigurationList;
			buildConfigurations = (
				426BDB5B284398FD008E9C5A /* Debug */,
				426BDB5C284398FD008E9C5A /* Release */,
			);
			defaultConfigurationIsVisible = 0;
			defaultConfigurationName = Release;
		};
		426BDB5D284398FD008E9C5A /* Build configuration list for PBXNativeTarget "Habhoob" */ = {
			isa = XCConfigurationList;
			buildConfigurations = (
				426BDB5E284398FD008E9C5A /* Debug */,
				426BDB5F284398FD008E9C5A /* Release */,
			);
			defaultConfigurationIsVisible = 0;
			defaultConfigurationName = Release;
		};
/* End XCConfigurationList section */

/* Begin XCRemoteSwiftPackageReference section */
		AEB42150284D337400A942B0 /* XCRemoteSwiftPackageReference "firebase-ios-sdk" */ = {
			isa = XCRemoteSwiftPackageReference;
			repositoryURL = "https://github.com/firebase/firebase-ios-sdk";
			requirement = {
				kind = exactVersion;
				version = 9.1.0;
			};
		};
		E6A4575328886C2B009F4D95 /* XCRemoteSwiftPackageReference "CodableFirebase" */ = {
			isa = XCRemoteSwiftPackageReference;
			repositoryURL = "https://github.com/alickbass/CodableFirebase.git";
			requirement = {
				kind = upToNextMajorVersion;
				minimumVersion = 0.2.2;
			};
		};
		E6A851582888559300DAD895 /* XCRemoteSwiftPackageReference "KRProgressHUD" */ = {
			isa = XCRemoteSwiftPackageReference;
			repositoryURL = "https://github.com/krimpedance/KRProgressHUD";
			requirement = {
				kind = upToNextMajorVersion;
				minimumVersion = 3.0.0;
			};
		};
/* End XCRemoteSwiftPackageReference section */

/* Begin XCSwiftPackageProductDependency section */
		8AB6183D2873376200630F61 /* FirebaseDatabase */ = {
			isa = XCSwiftPackageProductDependency;
			package = AEB42150284D337400A942B0 /* XCRemoteSwiftPackageReference "firebase-ios-sdk" */;
			productName = FirebaseDatabase;
		};
		AE1C2BEC2889C6F6000C08F3 /* FirebaseMessaging */ = {
			isa = XCSwiftPackageProductDependency;
			package = AEB42150284D337400A942B0 /* XCRemoteSwiftPackageReference "firebase-ios-sdk" */;
			productName = FirebaseMessaging;
		};
		AEB42151284D337400A942B0 /* FirebaseAuth */ = {
			isa = XCSwiftPackageProductDependency;
			package = AEB42150284D337400A942B0 /* XCRemoteSwiftPackageReference "firebase-ios-sdk" */;
			productName = FirebaseAuth;
		};
		AEB42153284D337400A942B0 /* FirebaseFirestore */ = {
			isa = XCSwiftPackageProductDependency;
			package = AEB42150284D337400A942B0 /* XCRemoteSwiftPackageReference "firebase-ios-sdk" */;
			productName = FirebaseFirestore;
		};
		AEB42155284D337400A942B0 /* FirebaseStorage */ = {
			isa = XCSwiftPackageProductDependency;
			package = AEB42150284D337400A942B0 /* XCRemoteSwiftPackageReference "firebase-ios-sdk" */;
			productName = FirebaseStorage;
		};
		E6A4575428886C2C009F4D95 /* CodableFirebase */ = {
			isa = XCSwiftPackageProductDependency;
			package = E6A4575328886C2B009F4D95 /* XCRemoteSwiftPackageReference "CodableFirebase" */;
			productName = CodableFirebase;
		};
		E6A851592888559300DAD895 /* KRProgressHUD */ = {
			isa = XCSwiftPackageProductDependency;
			package = E6A851582888559300DAD895 /* XCRemoteSwiftPackageReference "KRProgressHUD" */;
			productName = KRProgressHUD;
		};
/* End XCSwiftPackageProductDependency section */
	};
	rootObject = 426BDB47284398FB008E9C5A /* Project object */;
}
