{
  "pins" : [
    {
      "identity" : "codablefirebase",
      "kind" : "remoteSourceControl",
      "location" : "https://github.com/alickbass/CodableFirebase.git",
      "state" : {
        "revision" : "a4cda89948db93ec21249a35ecdacab8c489a116",
        "version" : "0.2.2"
      }
    },
    {
      "identity" : "kractivityindicatorview",
      "kind" : "remoteSourceControl",
      "location" : "https://github.com/krimpedance/KRActivityIndicatorView.git",
      "state" : {
        "revision" : "bcb0e841d6de0cd343a32bd5056580a56d06c0bc",
        "version" : "3.0.7"
      }
    },
    {
      "identity" : "krprogresshud",
      "kind" : "remoteSourceControl",
      "location" : "https://github.com/krimpedance/KRProgressHUD",
      "state" : {
        "revision" : "265142816d8f8ea93840accaf4ac7c49998e77c2",
        "version" : "3.4.7"
      }
    }
  ],
  "version" : 2
}
